
Microsoft Visual Studio Solution File, Format Version 11.00
# Visual Studio 2010
Project("{FAE04EC0-301F-11D3-BF4B-00C04F79EFBC}") = "Portails", "Assembly-CSharp.csproj", "{0556B113-800C-8342-B6FC-5057F760CD36}"
EndProject
Project("{FAE04EC0-301F-11D3-BF4B-00C04F79EFBC}") = "Portails", "Assembly-CSharp-Editor.csproj", "{EBD7C693-F091-04B9-5558-A3F95D504020}"
EndProject
Global
	GlobalSection(SolutionConfigurationPlatforms) = preSolution
		Debug|Any CPU = Debug|Any CPU
		Release|Any CPU = Release|Any CPU
	EndGlobalSection
	GlobalSection(ProjectConfigurationPlatforms) = postSolution
		{0556B113-800C-8342-B6FC-5057F760CD36}.Debug|Any CPU.ActiveCfg = Debug|Any CPU
		{0556B113-800C-8342-B6FC-5057F760CD36}.Debug|Any CPU.Build.0 = Debug|Any CPU
		{0556B113-800C-8342-B6FC-5057F760CD36}.Release|Any CPU.ActiveCfg = Release|Any CPU
		{0556B113-800C-8342-B6FC-5057F760CD36}.Release|Any CPU.Build.0 = Release|Any CPU
		{EBD7C693-F091-04B9-5558-A3F95D504020}.Debug|Any CPU.ActiveCfg = Debug|Any CPU
		{EBD7C693-F091-04B9-5558-A3F95D504020}.Debug|Any CPU.Build.0 = Debug|Any CPU
		{EBD7C693-F091-04B9-5558-A3F95D504020}.Release|Any CPU.ActiveCfg = Release|Any CPU
		{EBD7C693-F091-04B9-5558-A3F95D504020}.Release|Any CPU.Build.0 = Release|Any CPU
	EndGlobalSection
	GlobalSection(SolutionProperties) = preSolution
		HideSolutionNode = FALSE
	EndGlobalSection
	GlobalSection(MonoDevelopProperties) = preSolution
		StartupItem = Assembly-CSharp.csproj
	EndGlobalSection
EndGlobal
